
Microsoft Visual Studio Solution File, Format Version 12.00
# Visual Studio Version 17
VisualStudioVersion = 17.8.34309.116
MinimumVisualStudioVersion = 10.0.40219.1
Project("{9A19103F-16F7-4668-BE54-9A1E7A4F7556}") = "RedisClient", "RedisClient\RedisClient.csproj", "{4C966A7E-C3D8-4EA4-938C-C290C4015043}"
EndProject
Project("{FAE04EC0-301F-11D3-BF4B-00C04F79EFBC}") = "RedisClientTests", "RedisClientTests\RedisClientTests.csproj", "{0E16F989-1925-4201-94A8-A4A6ADF554ED}"
EndProject
Global
	GlobalSection(SolutionConfigurationPlatforms) = preSolution
		Debug|Any CPU = Debug|Any CPU
		Release|Any CPU = Release|Any CPU
	EndGlobalSection
	GlobalSection(ProjectConfigurationPlatforms) = postSolution
		{4C966A7E-C3D8-4EA4-938C-C290C4015043}.Debug|Any CPU.ActiveCfg = Debug|Any CPU
		{4C966A7E-C3D8-4EA4-938C-C290C4015043}.Debug|Any CPU.Build.0 = Debug|Any CPU
		{4C966A7E-C3D8-4EA4-938C-C290C4015043}.Release|Any CPU.ActiveCfg = Release|Any CPU
		{4C966A7E-C3D8-4EA4-938C-C290C4015043}.Release|Any CPU.Build.0 = Release|Any CPU
		{0E16F989-1925-4201-94A8-A4A6ADF554ED}.Debug|Any CPU.ActiveCfg = Debug|Any CPU
		{0E16F989-1925-4201-94A8-A4A6ADF554ED}.Debug|Any CPU.Build.0 = Debug|Any CPU
		{0E16F989-1925-4201-94A8-A4A6ADF554ED}.Release|Any CPU.ActiveCfg = Release|Any CPU
		{0E16F989-1925-4201-94A8-A4A6ADF554ED}.Release|Any CPU.Build.0 = Release|Any CPU
	EndGlobalSection
	GlobalSection(SolutionProperties) = preSolution
		HideSolutionNode = FALSE
	EndGlobalSection
	GlobalSection(ExtensibilityGlobals) = postSolution
		SolutionGuid = {058FF69F-33FA-4E22-931B-63548D9CFBCB}
	EndGlobalSection
EndGlobal
